lockfileVersion: 5.3

specifiers:
  '@vitejs/plugin-vue': ^2.0.0
  axios: ^0.25.0
  echarts: ^5.2.2
  element-plus: ^1.3.0-beta.5
  qs: ^6.10.3
  vite: ^2.7.2
  vue: ^3.2.25
  vue-router: '4'

dependencies:
  axios: 0.25.0
  echarts: 5.2.2
  element-plus: 1.3.0-beta.5_vue@3.2.26
  qs: 6.10.3
  vue: 3.2.26
  vue-router: 4.0.12_vue@3.2.26

devDependencies:
  '@vitejs/plugin-vue': 2.0.1_vite@2.7.10+vue@3.2.26
  vite: 2.7.10

packages:

  /@babel/parser/7.16.8:
    resolution: {integrity: sha512-i7jDUfrVBWc+7OKcBzEe5n7fbv3i2fWtxKzzCvOjnzSxMfWMigAhtfJ7qzZNGFNMsCCd67+uz553dYKWXPvCKw==}
    engines: {node: '>=6.0.0'}
    hasBin: true
    dev: false

  /@ctrl/tinycolor/3.4.0:
    resolution: {integrity: sha1-w8WuVDyJfKqcKmhjC+01W+X5mQ8=}
    engines: {node: '>=10'}
    dev: false

  /@element-plus/icons-vue/0.2.4_vue@3.2.26:
    resolution: {integrity: sha512-RsJNyL58rwxtsjeMy34o8txkL6UlME1stWsUlRpTac6UE9Bx9gdJvnDXbIKhOJqBLX17fBjmposdrn6VTqim2w==}
    peerDependencies:
      vue: ^3.2.0
    dependencies:
      vue: 3.2.26
    dev: false

  /@popperjs/core/2.11.2:
    resolution: {integrity: sha512-92FRmppjjqz29VMJ2dn+xdyXZBrMlE42AV6Kq6BwjWV7CNUW1hs2FtxSNLQE+gJhaZ6AAmYuO9y8dshhcBl7vA==}
    dev: false

  /@vitejs/plugin-vue/2.0.1_vite@2.7.10+vue@3.2.26:
    resolution: {integrity: sha512-wtdMnGVvys9K8tg+DxowU1ytTrdVveXr3LzdhaKakysgGXyrsfaeds2cDywtvujEASjWOwWL/OgWM+qoeM8Plg==}
    engines: {node: '>=12.0.0'}
    peerDependencies:
      vite: ^2.5.10
      vue: ^3.2.25
    dependencies:
      vite: 2.7.10
      vue: 3.2.26
    dev: true

  /@vue/compiler-core/3.2.26:
    resolution: {integrity: sha512-N5XNBobZbaASdzY9Lga2D9Lul5vdCIOXvUMd6ThcN8zgqQhPKfCV+wfAJNNJKQkSHudnYRO2gEB+lp0iN3g2Tw==}
    dependencies:
      '@babel/parser': 7.16.8
      '@vue/shared': 3.2.26
      estree-walker: 2.0.2
      source-map: 0.6.1
    dev: false

  /@vue/compiler-dom/3.2.26:
    resolution: {integrity: sha512-smBfaOW6mQDxcT3p9TKT6mE22vjxjJL50GFVJiI0chXYGU/xzC05QRGrW3HHVuJrmLTLx5zBhsZ2dIATERbarg==}
    dependencies:
      '@vue/compiler-core': 3.2.26
      '@vue/shared': 3.2.26
    dev: false

  /@vue/compiler-sfc/3.2.26:
    resolution: {integrity: sha512-ePpnfktV90UcLdsDQUh2JdiTuhV0Skv2iYXxfNMOK/F3Q+2BO0AulcVcfoksOpTJGmhhfosWfMyEaEf0UaWpIw==}
    dependencies:
      '@babel/parser': 7.16.8
      '@vue/compiler-core': 3.2.26
      '@vue/compiler-dom': 3.2.26
      '@vue/compiler-ssr': 3.2.26
      '@vue/reactivity-transform': 3.2.26
      '@vue/shared': 3.2.26
      estree-walker: 2.0.2
      magic-string: 0.25.7
      postcss: 8.4.5
      source-map: 0.6.1
    dev: false

  /@vue/compiler-ssr/3.2.26:
    resolution: {integrity: sha512-2mywLX0ODc4Zn8qBoA2PDCsLEZfpUGZcyoFRLSOjyGGK6wDy2/5kyDOWtf0S0UvtoyVq95OTSGIALjZ4k2q/ag==}
    dependencies:
      '@vue/compiler-dom': 3.2.26
      '@vue/shared': 3.2.26
    dev: false

  /@vue/devtools-api/6.0.0-beta.21.1:
    resolution: {integrity: sha512-FqC4s3pm35qGVeXRGOjTsRzlkJjrBLriDS9YXbflHLsfA9FrcKzIyWnLXoNm+/7930E8rRakXuAc2QkC50swAw==}
    dev: false

  /@vue/reactivity-transform/3.2.26:
    resolution: {integrity: sha512-XKMyuCmzNA7nvFlYhdKwD78rcnmPb7q46uoR00zkX6yZrUmcCQ5OikiwUEVbvNhL5hBJuvbSO95jB5zkUon+eQ==}
    dependencies:
      '@babel/parser': 7.16.8
      '@vue/compiler-core': 3.2.26
      '@vue/shared': 3.2.26
      estree-walker: 2.0.2
      magic-string: 0.25.7
    dev: false

  /@vue/reactivity/3.2.26:
    resolution: {integrity: sha512-h38bxCZLW6oFJVDlCcAiUKFnXI8xP8d+eO0pcDxx+7dQfSPje2AO6M9S9QO6MrxQB7fGP0DH0dYQ8ksf6hrXKQ==}
    dependencies:
      '@vue/shared': 3.2.26
    dev: false

  /@vue/runtime-core/3.2.26:
    resolution: {integrity: sha512-BcYi7qZ9Nn+CJDJrHQ6Zsmxei2hDW0L6AB4vPvUQGBm2fZyC0GXd/4nVbyA2ubmuhctD5RbYY8L+5GUJszv9mQ==}
    dependencies:
      '@vue/reactivity': 3.2.26
      '@vue/shared': 3.2.26
    dev: false

  /@vue/runtime-dom/3.2.26:
    resolution: {integrity: sha512-dY56UIiZI+gjc4e8JQBwAifljyexfVCkIAu/WX8snh8vSOt/gMSEGwPRcl2UpYpBYeyExV8WCbgvwWRNt9cHhQ==}
    dependencies:
      '@vue/runtime-core': 3.2.26
      '@vue/shared': 3.2.26
      csstype: 2.6.19
    dev: false

  /@vue/server-renderer/3.2.26_vue@3.2.26:
    resolution: {integrity: sha512-Jp5SggDUvvUYSBIvYEhy76t4nr1vapY/FIFloWmQzn7UxqaHrrBpbxrqPcTrSgGrcaglj0VBp22BKJNre4aA1w==}
    peerDependencies:
      vue: 3.2.26
    dependencies:
      '@vue/compiler-ssr': 3.2.26
      '@vue/shared': 3.2.26
      vue: 3.2.26
    dev: false

  /@vue/shared/3.2.26:
    resolution: {integrity: sha512-vPV6Cq+NIWbH5pZu+V+2QHE9y1qfuTq49uNWw4f7FDEeZaDU2H2cx5jcUZOAKW7qTrUS4k6qZPbMy1x4N96nbA==}
    dev: false

  /@vueuse/core/7.5.3_vue@3.2.26:
    resolution: {integrity: sha512-D9j5ymHFMFRXQqCp0yZJkf/bvBGiz0MrKUa364p+L8dMyd5zyq2K1JmHyvoBd4xbTFRfmQ1h878u6YE5LCkDVQ==}
    peerDependencies:
      '@vue/composition-api': ^1.1.0
      vue: ^2.6.0 || ^3.2.0
    peerDependenciesMeta:
      '@vue/composition-api':
        optional: true
      vue:
        optional: true
    dependencies:
      '@vueuse/shared': 7.5.3_vue@3.2.26
      vue: 3.2.26
      vue-demi: 0.12.1_vue@3.2.26
    dev: false

  /@vueuse/shared/7.5.3_vue@3.2.26:
    resolution: {integrity: sha512-BJ71cxHN5VByW1S58Gl85NFJaQu93F7Vs7K/MuAKsIIuHm9PBbkR5Vxkg9ko9cBdiKVt+FNoo13BhdbA+Vwycg==}
    peerDependencies:
      '@vue/composition-api': ^1.1.0
      vue: ^2.6.0 || ^3.2.0
    peerDependenciesMeta:
      '@vue/composition-api':
        optional: true
      vue:
        optional: true
    dependencies:
      vue: 3.2.26
      vue-demi: 0.12.1_vue@3.2.26
    dev: false

  /async-validator/4.0.7:
    resolution: {integrity: sha1-A0oP0hA6ay6/AQ2nUYO+wpkkev4=}
    dev: false

  /axios/0.25.0:
    resolution: {integrity: sha512-cD8FOb0tRH3uuEe6+evtAbgJtfxr7ly3fQjYcMcuPlgkwVS9xboaVIpcDV+cYQe+yGykgwZCs1pzjntcGa6l5g==}
    dependencies:
      follow-redirects: 1.14.7
    transitivePeerDependencies:
      - debug
    dev: false

  /call-bind/1.0.2:
    resolution: {integrity: sha1-sdTonmiBGcPJqQOtMKuy9qkZvjw=}
    dependencies:
      function-bind: 1.1.1
      get-intrinsic: 1.1.1
    dev: false

  /csstype/2.6.19:
    resolution: {integrity: sha1-/utarokCC7OJ4fY2aaXtSQ45HKo=}
    dev: false

  /dayjs/1.10.7:
    resolution: {integrity: sha512-P6twpd70BcPK34K26uJ1KT3wlhpuOAPoMwJzpsIWUxHZ7wpmbdZL/hQqBDfz7hGurYSa5PhzdhDHtt319hL3ig==}
    dev: false

  /echarts/5.2.2:
    resolution: {integrity: sha512-yxuBfeIH5c+0FsoRP60w4De6omXhA06c7eUYBsC1ykB6Ys2yK5fSteIYWvkJ4xJVLQgCvAdO8C4mN6MLeJpBaw==}
    dependencies:
      tslib: 2.3.0
      zrender: 5.2.1
    dev: false

  /element-plus/1.3.0-beta.5_vue@3.2.26:
    resolution: {integrity: sha512-su0sHN4ZkR5ISyP1McyiqY5wqrgZgKq0El0lSohjvjEWR3ODlgdmMfQolV0ZqTXKlO2mS16hO7nTFwX9PvZNTQ==}
    peerDependencies:
      vue: ^3.2.0
    dependencies:
      '@ctrl/tinycolor': 3.4.0
      '@element-plus/icons-vue': 0.2.4_vue@3.2.26
      '@popperjs/core': 2.11.2
      '@vueuse/core': 7.5.3_vue@3.2.26
      async-validator: 4.0.7
      dayjs: 1.10.7
      lodash: 4.17.21
      memoize-one: 6.0.0
      normalize-wheel-es: 1.1.1
      vue: 3.2.26
    transitivePeerDependencies:
      - '@vue/composition-api'
    dev: false

  /esbuild-android-arm64/0.13.15:
    resolution: {integrity: sha1-P8P/C6t2/jXdI3R2tdKzK7IKPUQ=}
    cpu: [arm64]
    os: [android]
    requiresBuild: true
    dev: true
    optional: true

  /esbuild-darwin-64/0.13.15:
    resolution: {integrity: sha1-jpFpwWuvRE6s7GDQmyTRGyVajnI=}
    cpu: [x64]
    os: [darwin]
    requiresBuild: true
    dev: true
    optional: true

  /esbuild-darwin-arm64/0.13.15:
    resolution: {integrity: sha1-Gwf4k7YyEU+AXhiN38pBsrd4Ipo=}
    cpu: [arm64]
    os: [darwin]
    requiresBuild: true
    dev: true
    optional: true

  /esbuild-freebsd-64/0.13.15:
    resolution: {integrity: sha1-C4t+yhaQyOyUx1aAw4wHJpwfSoU=}
    cpu: [x64]
    os: [freebsd]
    requiresBuild: true
    dev: true
    optional: true

  /esbuild-freebsd-arm64/0.13.15:
    resolution: {integrity: sha1-LhpsaWv9zSCplXi3Y1C0HbGTTlI=}
    cpu: [arm64]
    os: [freebsd]
    requiresBuild: true
    dev: true
    optional: true

  /esbuild-linux-32/0.13.15:
    resolution: {integrity: sha1-b9OfNvxm3UW2tfUVcox7vrw0Kmk=}
    cpu: [ia32]
    os: [linux]
    requiresBuild: true
    dev: true
    optional: true

  /esbuild-linux-64/0.13.15:
    resolution: {integrity: sha1-nLjkvNdXTmeUbk7l8fHhI4a7bdM=}
    cpu: [x64]
    os: [linux]
    requiresBuild: true
    dev: true
    optional: true

  /esbuild-linux-arm/0.13.15:
    resolution: {integrity: sha1-igDpnmoMbJprfzNIQTZNiitK7P4=}
    cpu: [arm]
    os: [linux]
    requiresBuild: true
    dev: true
    optional: true

  /esbuild-linux-arm64/0.13.15:
    resolution: {integrity: sha1-OJGqNwTsV5obktKlhhIuW2or+6E=}
    cpu: [arm64]
    os: [linux]
    requiresBuild: true
    dev: true
    optional: true

  /esbuild-linux-mips64le/0.13.15:
    resolution: {integrity: sha1-NrB8xHw9IeSNs7sfTZ749Grq1Pc=}
    cpu: [mips64el]
    os: [linux]
    requiresBuild: true
    dev: true
    optional: true

  /esbuild-linux-ppc64le/0.13.15:
    resolution: {integrity: sha1-9+a7pAuaEeudyuWwFVDqBGcO2tI=}
    cpu: [ppc64]
    os: [linux]
    requiresBuild: true
    dev: true
    optional: true

  /esbuild-netbsd-64/0.13.15:
    resolution: {integrity: sha1-ov7cVJwrYp1YCnMthAcSsI1EADg=}
    cpu: [x64]
    os: [netbsd]
    requiresBuild: true
    dev: true
    optional: true

  /esbuild-openbsd-64/0.13.15:
    resolution: {integrity: sha1-siwOWAbTofvwMlhyA3+IUwawXNc=}
    cpu: [x64]
    os: [openbsd]
    requiresBuild: true
    dev: true
    optional: true

  /esbuild-sunos-64/0.13.15:
    resolution: {integrity: sha1-0LZFSog3XujTlk2u/1XIXJHHzvQ=}
    cpu: [x64]
    os: [sunos]
    requiresBuild: true
    dev: true
    optional: true

  /esbuild-windows-32/0.13.15:
    resolution: {integrity: sha1-yW0Lm7tS8zAzIlgu+OSEfFrTdac=}
    cpu: [ia32]
    os: [win32]
    requiresBuild: true
    dev: true
    optional: true

  /esbuild-windows-64/0.13.15:
    resolution: {integrity: sha1-H3nLmx4bsC+yXNQUy5DU6iiSwpQ=}
    cpu: [x64]
    os: [win32]
    requiresBuild: true
    dev: true
    optional: true

  /esbuild-windows-arm64/0.13.15:
    resolution: {integrity: sha1-SCFzBwgQ3yKnUsaGUJw3DDvjs8M=}
    cpu: [arm64]
    os: [win32]
    requiresBuild: true
    dev: true
    optional: true

  /esbuild/0.13.15:
    resolution: {integrity: sha512-raCxt02HBKv8RJxE8vkTSCXGIyKHdEdGfUmiYb8wnabnaEmHzyW7DCHb5tEN0xU8ryqg5xw54mcwnYkC4x3AIw==}
    hasBin: true
    requiresBuild: true
    optionalDependencies:
      esbuild-android-arm64: 0.13.15
      esbuild-darwin-64: 0.13.15
      esbuild-darwin-arm64: 0.13.15
      esbuild-freebsd-64: 0.13.15
      esbuild-freebsd-arm64: 0.13.15
      esbuild-linux-32: 0.13.15
      esbuild-linux-64: 0.13.15
      esbuild-linux-arm: 0.13.15
      esbuild-linux-arm64: 0.13.15
      esbuild-linux-mips64le: 0.13.15
      esbuild-linux-ppc64le: 0.13.15
      esbuild-netbsd-64: 0.13.15
      esbuild-openbsd-64: 0.13.15
      esbuild-sunos-64: 0.13.15
      esbuild-windows-32: 0.13.15
      esbuild-windows-64: 0.13.15
      esbuild-windows-arm64: 0.13.15
    dev: true

  /estree-walker/2.0.2:
    resolution: {integrity: sha1-UvAQF4wqTBF6d1fP6UKtt9LaTKw=}
    dev: false

  /follow-redirects/1.14.7:
    resolution: {integrity: sha512-+hbxoLbFMbRKDwohX8GkTataGqO6Jb7jGwpAlwgy2bIz25XtRm7KEzJM76R1WiNT5SwZkX4Y75SwBolkpmE7iQ==}
    engines: {node: '>=4.0'}
    peerDependencies:
      debug: '*'
    peerDependenciesMeta:
      debug:
        optional: true
    dev: false

  /fsevents/2.3.2:
    resolution: {integrity: sha1-ilJveLj99GI7cJ4Ll1xSwkwC/Ro=}
    engines: {node: ^8.16.0 || ^10.6.0 || >=11.0.0}
    os: [darwin]
    requiresBuild: true
    dev: true
    optional: true

  /function-bind/1.1.1:
    resolution: {integrity: sha1-pWiZ0+o8m6uHS7l3O3xe3pL0iV0=}

  /get-intrinsic/1.1.1:
    resolution: {integrity: sha1-FfWfN2+FXERpY5SPDSTNNje0q8Y=}
    dependencies:
      function-bind: 1.1.1
      has: 1.0.3
      has-symbols: 1.0.2
    dev: false

  /has-symbols/1.0.2:
    resolution: {integrity: sha1-Fl0wcMADCXUqEjakeTMeOsVvFCM=}
    engines: {node: '>= 0.4'}
    dev: false

  /has/1.0.3:
    resolution: {integrity: sha1-ci18v8H2qoJB8W3YFOAR4fQeh5Y=}
    engines: {node: '>= 0.4.0'}
    dependencies:
      function-bind: 1.1.1

  /is-core-module/2.8.1:
    resolution: {integrity: sha512-SdNCUs284hr40hFTFP6l0IfZ/RSrMXF3qgoRHd3/79unUTvrFO/JoXwkGm+5J/Oe3E/b5GsnG330uUNgRpu1PA==}
    dependencies:
      has: 1.0.3
    dev: true

  /lodash/4.17.21:
    resolution: {integrity: sha512-v2kDEe57lecTulaDIuNTPy3Ry4gLGJ6Z1O3vE1krgXZNrsQ+LFTGHVxVjcXPs17LhbZVGedAJv8XZ1tvj5FvSg==}
    dev: false

  /magic-string/0.25.7:
    resolution: {integrity: sha1-P0l9b9NMZpxnmNy4IfLvMfVEUFE=}
    dependencies:
      sourcemap-codec: 1.4.8
    dev: false

  /memoize-one/6.0.0:
    resolution: {integrity: sha1-slkbhx7YKUiu5HJ9xqvO7qyMEEU=}
    dev: false

  /nanoid/3.1.32:
    resolution: {integrity: sha512-F8mf7R3iT9bvThBoW4tGXhXFHCctyCiUUPrWF8WaTqa3h96d9QybkSeba43XVOOE3oiLfkVDe4bT8MeGmkrTxw==}
    engines: {node: ^10 || ^12 || ^13.7 || ^14 || >=15.0.1}
    hasBin: true

  /normalize-wheel-es/1.1.1:
    resolution: {integrity: sha1-qAlttqVvlDMtiE/Y6+2ojy/HlWk=}
    dev: false

  /object-inspect/1.12.0:
    resolution: {integrity: sha512-Ho2z80bVIvJloH+YzRmpZVQe87+qASmBUKZDWgx9cu+KDrX2ZDH/3tMy+gXbZETVGs2M8YdxObOh7XAtim9Y0g==}
    dev: false

  /path-parse/1.0.7:
    resolution: {integrity: sha1-+8EUtgykKzDZ2vWFjkvWi77bZzU=}
    dev: true

  /picocolors/1.0.0:
    resolution: {integrity: sha1-y1vcdP8/UYkiNur3nWi8RFZKuBw=}

  /postcss/8.4.5:
    resolution: {integrity: sha512-jBDboWM8qpaqwkMwItqTQTiFikhs/67OYVvblFFTM7MrZjt6yMKd6r2kgXizEbTTljacm4NldIlZnhbjr84QYg==}
    engines: {node: ^10 || ^12 || >=14}
    dependencies:
      nanoid: 3.1.32
      picocolors: 1.0.0
      source-map-js: 1.0.1

  /qs/6.10.3:
    resolution: {integrity: sha512-wr7M2E0OFRfIfJZjKGieI8lBKb7fRCH4Fv5KNPEs7gJ8jadvotdsS08PzOKR7opXhZ/Xkjtt3WF9g38drmyRqQ==}
    engines: {node: '>=0.6'}
    dependencies:
      side-channel: 1.0.4
    dev: false

  /resolve/1.21.0:
    resolution: {integrity: sha512-3wCbTpk5WJlyE4mSOtDLhqQmGFi0/TD9VPwmiolnk8U0wRgMEktqCXd3vy5buTO3tljvalNvKrjHEfrd2WpEKA==}
    hasBin: true
    dependencies:
      is-core-module: 2.8.1
      path-parse: 1.0.7
      supports-preserve-symlinks-flag: 1.0.0
    dev: true

  /rollup/2.63.0:
    resolution: {integrity: sha512-nps0idjmD+NXl6OREfyYXMn/dar3WGcyKn+KBzPdaLecub3x/LrId0wUcthcr8oZUAcZAR8NKcfGGFlNgGL1kQ==}
    engines: {node: '>=10.0.0'}
    hasBin: true
    optionalDependencies:
      fsevents: 2.3.2
    dev: true

  /side-channel/1.0.4:
    resolution: {integrity: sha1-785cj9wQTudRslxY1CkAEfpeos8=}
    dependencies:
      call-bind: 1.0.2
      get-intrinsic: 1.1.1
      object-inspect: 1.12.0
    dev: false

  /source-map-js/1.0.1:
    resolution: {integrity: sha1-oXQcEx48d9BIJSrfok4juQhnDK8=}
    engines: {node: '>=0.10.0'}

  /source-map/0.6.1:
    resolution: {integrity: sha1-dHIq8y6WFOnCh6jQu95IteLxomM=}
    engines: {node: '>=0.10.0'}
    dev: false

  /sourcemap-codec/1.4.8:
    resolution: {integrity: sha1-6oBL2UhXQC5pktBaOO8a41qatMQ=}
    dev: false

  /supports-preserve-symlinks-flag/1.0.0:
    resolution: {integrity: sha512-ot0WnXS9fgdkgIcePe6RHNk1WA8+muPa6cSjeR3V8K27q9BB1rTE3R1p7Hv0z1ZyAc8s6Vvv8DIyWf681MAt0w==}
    engines: {node: '>= 0.4'}
    dev: true

  /tslib/2.3.0:
    resolution: {integrity: sha512-N82ooyxVNm6h1riLCoyS9e3fuJ3AMG2zIZs2Gd1ATcSFjSA23Q0fzjjZeh0jbJvWVDZ0cJT8yaNNaaXHzueNjg==}
    dev: false

  /vite/2.7.10:
    resolution: {integrity: sha512-KEY96ntXUid1/xJihJbgmLZx7QSC2D4Tui0FdS0Old5OokYzFclcofhtxtjDdGOk/fFpPbHv9yw88+rB93Tb8w==}
    engines: {node: '>=12.2.0'}
    hasBin: true
    peerDependencies:
      less: '*'
      sass: '*'
      stylus: '*'
    peerDependenciesMeta:
      less:
        optional: true
      sass:
        optional: true
      stylus:
        optional: true
    dependencies:
      esbuild: 0.13.15
      postcss: 8.4.5
      resolve: 1.21.0
      rollup: 2.63.0
    optionalDependencies:
      fsevents: 2.3.2
    dev: true

  /vue-demi/0.12.1_vue@3.2.26:
    resolution: {integrity: sha1-9+GO++z/0RqwadFHLXoG4xm0F0w=}
    engines: {node: '>=12'}
    hasBin: true
    requiresBuild: true
    peerDependencies:
      '@vue/composition-api': ^1.0.0-rc.1
      vue: ^3.0.0-0 || ^2.6.0
    peerDependenciesMeta:
      '@vue/composition-api':
        optional: true
    dependencies:
      vue: 3.2.26
    dev: false

  /vue-router/4.0.12_vue@3.2.26:
    resolution: {integrity: sha512-CPXvfqe+mZLB1kBWssssTiWg4EQERyqJZes7USiqfW9B5N2x+nHlnsM1D3b5CaJ6qgCvMmYJnz+G0iWjNCvXrg==}
    peerDependencies:
      vue: ^3.0.0
    dependencies:
      '@vue/devtools-api': 6.0.0-beta.21.1
      vue: 3.2.26
    dev: false

  /vue/3.2.26:
    resolution: {integrity: sha512-KD4lULmskL5cCsEkfhERVRIOEDrfEL9CwAsLYpzptOGjaGFNWo3BQ9g8MAb7RaIO71rmVOziZ/uEN/rHwcUIhg==}
    dependencies:
      '@vue/compiler-dom': 3.2.26
      '@vue/compiler-sfc': 3.2.26
      '@vue/runtime-dom': 3.2.26
      '@vue/server-renderer': 3.2.26_vue@3.2.26
      '@vue/shared': 3.2.26
    dev: false

  /zrender/5.2.1:
    resolution: {integrity: sha1-X0u9qRW6bUErCxncJDG+qtBUF7s=}
    dependencies:
      tslib: 2.3.0
    dev: false
